Microsoft Visual Studio Solution File, Format Version 12.00
# Visual Studio 15
Project("{8BC9CEB8-8B4A-11D0-8D11-00A0C91BC942}") = "ALL_BUILD", "ALL_BUILD.vcxproj", "{CF21D627-E375-3CF1-BBE0-957F04067D58}"
	ProjectSection(ProjectDependencies) = postProject
		{C811B388-BABD-3552-AA1B-4D377FD991D9} = {C811B388-BABD-3552-AA1B-4D377FD991D9}
		{0D8A4E87-170E-36E3-9BA1-BB5B55692913} = {0D8A4E87-170E-36E3-9BA1-BB5B55692913}
		{3AD1A398-0F13-3A5E-83E1-958FC8B2E19A} = {3AD1A398-0F13-3A5E-83E1-958FC8B2E19A}
		{0221C525-5E6C-343E-9466-36D9FBB74054} = {0221C525-5E6C-343E-9466-36D9FBB74054}
		{8E1497EA-FF8C-3FD7-A909-729DA4DD4F5D} = {8E1497EA-FF8C-3FD7-A909-729DA4DD4F5D}
	EndProjectSection
EndProject
Project("{8BC9CEB8-8B4A-11D0-8D11-00A0C91BC942}") = "INSTALL", "INSTALL.vcxproj", "{3A42DF65-2AA2-3943-B41B-92C8B1D12E16}"
	ProjectSection(ProjectDependencies) = postProject
		{CF21D627-E375-3CF1-BBE0-957F04067D58} = {CF21D627-E375-3CF1-BBE0-957F04067D58}
		{C811B388-BABD-3552-AA1B-4D377FD991D9} = {C811B388-BABD-3552-AA1B-4D377FD991D9}
	EndProjectSection
EndProject
Project("{8BC9CEB8-8B4A-11D0-8D11-00A0C91BC942}") = "RUN_TESTS", "RUN_TESTS.vcxproj", "{23419D10-4345-3735-A32B-F708578F384E}"
	ProjectSection(ProjectDependencies) = postProject
		{C811B388-BABD-3552-AA1B-4D377FD991D9} = {C811B388-BABD-3552-AA1B-4D377FD991D9}
	EndProjectSection
EndProject
Project("{8BC9CEB8-8B4A-11D0-8D11-00A0C91BC942}") = "ZERO_CHECK", "ZERO_CHECK.vcxproj", "{C811B388-BABD-3552-AA1B-4D377FD991D9}"
	ProjectSection(ProjectDependencies) = postProject
	EndProjectSection
EndProject
Project("{8BC9CEB8-8B4A-11D0-8D11-00A0C91BC942}") = "example", "example.vcxproj", "{0D8A4E87-170E-36E3-9BA1-BB5B55692913}"
	ProjectSection(ProjectDependencies) = postProject
		{C811B388-BABD-3552-AA1B-4D377FD991D9} = {C811B388-BABD-3552-AA1B-4D377FD991D9}
		{0221C525-5E6C-343E-9466-36D9FBB74054} = {0221C525-5E6C-343E-9466-36D9FBB74054}
	EndProjectSection
EndProject
Project("{8BC9CEB8-8B4A-11D0-8D11-00A0C91BC942}") = "minigzip", "minigzip.vcxproj", "{3AD1A398-0F13-3A5E-83E1-958FC8B2E19A}"
	ProjectSection(ProjectDependencies) = postProject
		{C811B388-BABD-3552-AA1B-4D377FD991D9} = {C811B388-BABD-3552-AA1B-4D377FD991D9}
		{0221C525-5E6C-343E-9466-36D9FBB74054} = {0221C525-5E6C-343E-9466-36D9FBB74054}
	EndProjectSection
EndProject
Project("{8BC9CEB8-8B4A-11D0-8D11-00A0C91BC942}") = "zlib", "zlib.vcxproj", "{0221C525-5E6C-343E-9466-36D9FBB74054}"
	ProjectSection(ProjectDependencies) = postProject
		{C811B388-BABD-3552-AA1B-4D377FD991D9} = {C811B388-BABD-3552-AA1B-4D377FD991D9}
	EndProjectSection
EndProject
Project("{8BC9CEB8-8B4A-11D0-8D11-00A0C91BC942}") = "zlibstatic", "zlibstatic.vcxproj", "{8E1497EA-FF8C-3FD7-A909-729DA4DD4F5D}"
	ProjectSection(ProjectDependencies) = postProject
		{C811B388-BABD-3552-AA1B-4D377FD991D9} = {C811B388-BABD-3552-AA1B-4D377FD991D9}
	EndProjectSection
EndProject
Global
	GlobalSection(SolutionConfigurationPlatforms) = preSolution
		Debug|x64 = Debug|x64
		Release|x64 = Release|x64
		MinSizeRel|x64 = MinSizeRel|x64
		RelWithDebInfo|x64 = RelWithDebInfo|x64
	EndGlobalSection
	GlobalSection(ProjectConfigurationPlatforms) = postSolution
		{CF21D627-E375-3CF1-BBE0-957F04067D58}.Debug|x64.ActiveCfg = Debug|x64
		{CF21D627-E375-3CF1-BBE0-957F04067D58}.Debug|x64.Build.0 = Debug|x64
		{CF21D627-E375-3CF1-BBE0-957F04067D58}.Release|x64.ActiveCfg = Release|x64
		{CF21D627-E375-3CF1-BBE0-957F04067D58}.Release|x64.Build.0 = Release|x64
		{CF21D627-E375-3CF1-BBE0-957F04067D58}.MinSizeRel|x64.ActiveCfg = MinSizeRel|x64
		{CF21D627-E375-3CF1-BBE0-957F04067D58}.MinSizeRel|x64.Build.0 = MinSizeRel|x64
		{CF21D627-E375-3CF1-BBE0-957F04067D58}.RelWithDebInfo|x64.ActiveCfg = RelWithDebInfo|x64
		{CF21D627-E375-3CF1-BBE0-957F04067D58}.RelWithDebInfo|x64.Build.0 = RelWithDebInfo|x64
		{3A42DF65-2AA2-3943-B41B-92C8B1D12E16}.Debug|x64.ActiveCfg = Debug|x64
		{3A42DF65-2AA2-3943-B41B-92C8B1D12E16}.Release|x64.ActiveCfg = Release|x64
		{3A42DF65-2AA2-3943-B41B-92C8B1D12E16}.MinSizeRel|x64.ActiveCfg = MinSizeRel|x64
		{3A42DF65-2AA2-3943-B41B-92C8B1D12E16}.RelWithDebInfo|x64.ActiveCfg = RelWithDebInfo|x64
		{23419D10-4345-3735-A32B-F708578F384E}.Debug|x64.ActiveCfg = Debug|x64
		{23419D10-4345-3735-A32B-F708578F384E}.Release|x64.ActiveCfg = Release|x64
		{23419D10-4345-3735-A32B-F708578F384E}.MinSizeRel|x64.ActiveCfg = MinSizeRel|x64
		{23419D10-4345-3735-A32B-F708578F384E}.RelWithDebInfo|x64.ActiveCfg = RelWithDebInfo|x64
		{C811B388-BABD-3552-AA1B-4D377FD991D9}.Debug|x64.ActiveCfg = Debug|x64
		{C811B388-BABD-3552-AA1B-4D377FD991D9}.Debug|x64.Build.0 = Debug|x64
		{C811B388-BABD-3552-AA1B-4D377FD991D9}.Release|x64.ActiveCfg = Release|x64
		{C811B388-BABD-3552-AA1B-4D377FD991D9}.Release|x64.Build.0 = Release|x64
		{C811B388-BABD-3552-AA1B-4D377FD991D9}.MinSizeRel|x64.ActiveCfg = MinSizeRel|x64
		{C811B388-BABD-3552-AA1B-4D377FD991D9}.MinSizeRel|x64.Build.0 = MinSizeRel|x64
		{C811B388-BABD-3552-AA1B-4D377FD991D9}.RelWithDebInfo|x64.ActiveCfg = RelWithDebInfo|x64
		{C811B388-BABD-3552-AA1B-4D377FD991D9}.RelWithDebInfo|x64.Build.0 = RelWithDebInfo|x64
		{0D8A4E87-170E-36E3-9BA1-BB5B55692913}.Debug|x64.ActiveCfg = Debug|x64
		{0D8A4E87-170E-36E3-9BA1-BB5B55692913}.Debug|x64.Build.0 = Debug|x64
		{0D8A4E87-170E-36E3-9BA1-BB5B55692913}.Release|x64.ActiveCfg = Release|x64
		{0D8A4E87-170E-36E3-9BA1-BB5B55692913}.Release|x64.Build.0 = Release|x64
		{0D8A4E87-170E-36E3-9BA1-BB5B55692913}.MinSizeRel|x64.ActiveCfg = MinSizeRel|x64
		{0D8A4E87-170E-36E3-9BA1-BB5B55692913}.MinSizeRel|x64.Build.0 = MinSizeRel|x64
		{0D8A4E87-170E-36E3-9BA1-BB5B55692913}.RelWithDebInfo|x64.ActiveCfg = RelWithDebInfo|x64
		{0D8A4E87-170E-36E3-9BA1-BB5B55692913}.RelWithDebInfo|x64.Build.0 = RelWithDebInfo|x64
		{3AD1A398-0F13-3A5E-83E1-958FC8B2E19A}.Debug|x64.ActiveCfg = Debug|x64
		{3AD1A398-0F13-3A5E-83E1-958FC8B2E19A}.Debug|x64.Build.0 = Debug|x64
		{3AD1A398-0F13-3A5E-83E1-958FC8B2E19A}.Release|x64.ActiveCfg = Release|x64
		{3AD1A398-0F13-3A5E-83E1-958FC8B2E19A}.Release|x64.Build.0 = Release|x64
		{3AD1A398-0F13-3A5E-83E1-958FC8B2E19A}.MinSizeRel|x64.ActiveCfg = MinSizeRel|x64
		{3AD1A398-0F13-3A5E-83E1-958FC8B2E19A}.MinSizeRel|x64.Build.0 = MinSizeRel|x64
		{3AD1A398-0F13-3A5E-83E1-958FC8B2E19A}.RelWithDebInfo|x64.ActiveCfg = RelWithDebInfo|x64
		{3AD1A398-0F13-3A5E-83E1-958FC8B2E19A}.RelWithDebInfo|x64.Build.0 = RelWithDebInfo|x64
		{0221C525-5E6C-343E-9466-36D9FBB74054}.Debug|x64.ActiveCfg = Debug|x64
		{0221C525-5E6C-343E-9466-36D9FBB74054}.Debug|x64.Build.0 = Debug|x64
		{0221C525-5E6C-343E-9466-36D9FBB74054}.Release|x64.ActiveCfg = Release|x64
		{0221C525-5E6C-343E-9466-36D9FBB74054}.Release|x64.Build.0 = Release|x64
		{0221C525-5E6C-343E-9466-36D9FBB74054}.MinSizeRel|x64.ActiveCfg = MinSizeRel|x64
		{0221C525-5E6C-343E-9466-36D9FBB74054}.MinSizeRel|x64.Build.0 = MinSizeRel|x64
		{0221C525-5E6C-343E-9466-36D9FBB74054}.RelWithDebInfo|x64.ActiveCfg = RelWithDebInfo|x64
		{0221C525-5E6C-343E-9466-36D9FBB74054}.RelWithDebInfo|x64.Build.0 = RelWithDebInfo|x64
		{8E1497EA-FF8C-3FD7-A909-729DA4DD4F5D}.Debug|x64.ActiveCfg = Debug|x64
		{8E1497EA-FF8C-3FD7-A909-729DA4DD4F5D}.Debug|x64.Build.0 = Debug|x64
		{8E1497EA-FF8C-3FD7-A909-729DA4DD4F5D}.Release|x64.ActiveCfg = Release|x64
		{8E1497EA-FF8C-3FD7-A909-729DA4DD4F5D}.Release|x64.Build.0 = Release|x64
		{8E1497EA-FF8C-3FD7-A909-729DA4DD4F5D}.MinSizeRel|x64.ActiveCfg = MinSizeRel|x64
		{8E1497EA-FF8C-3FD7-A909-729DA4DD4F5D}.MinSizeRel|x64.Build.0 = MinSizeRel|x64
		{8E1497EA-FF8C-3FD7-A909-729DA4DD4F5D}.RelWithDebInfo|x64.ActiveCfg = RelWithDebInfo|x64
		{8E1497EA-FF8C-3FD7-A909-729DA4DD4F5D}.RelWithDebInfo|x64.Build.0 = RelWithDebInfo|x64
	EndGlobalSection
	GlobalSection(ExtensibilityGlobals) = postSolution
		SolutionGuid = {B8E081E1-0153-35BD-A92B-35682926E684}
	EndGlobalSection
	GlobalSection(ExtensibilityAddIns) = postSolution
	EndGlobalSection
EndGlobal
