Microsoft Visual Studio Solution File, Format Version 12.00
# Visual Studio 15
Project("{8BC9CEB8-8B4A-11D0-8D11-00A0C91BC942}") = "ALL_BUILD", "ALL_BUILD.vcxproj", "{40EB13EB-A057-3165-ACE0-759A51558FAC}"
	ProjectSection(ProjectDependencies) = postProject
		{B09BED3B-BCF3-3B0C-AD8A-C6FEDFD879F3} = {B09BED3B-BCF3-3B0C-AD8A-C6FEDFD879F3}
		{A1150B67-981A-3D1D-AF52-72AFE5246123} = {A1150B67-981A-3D1D-AF52-72AFE5246123}
		{C65B47C6-0466-3C46-AC35-463D09E5786A} = {C65B47C6-0466-3C46-AC35-463D09E5786A}
	EndProjectSection
EndProject
Project("{8BC9CEB8-8B4A-11D0-8D11-00A0C91BC942}") = "INSTALL", "INSTALL.vcxproj", "{3D9EEB03-3085-3BF8-8238-7C93C18746E8}"
	ProjectSection(ProjectDependencies) = postProject
		{40EB13EB-A057-3165-ACE0-759A51558FAC} = {40EB13EB-A057-3165-ACE0-759A51558FAC}
		{B09BED3B-BCF3-3B0C-AD8A-C6FEDFD879F3} = {B09BED3B-BCF3-3B0C-AD8A-C6FEDFD879F3}
	EndProjectSection
EndProject
Project("{8BC9CEB8-8B4A-11D0-8D11-00A0C91BC942}") = "ZERO_CHECK", "ZERO_CHECK.vcxproj", "{B09BED3B-BCF3-3B0C-AD8A-C6FEDFD879F3}"
	ProjectSection(ProjectDependencies) = postProject
	EndProjectSection
EndProject
Project("{8BC9CEB8-8B4A-11D0-8D11-00A0C91BC942}") = "freeglut", "freeglut.vcxproj", "{A1150B67-981A-3D1D-AF52-72AFE5246123}"
	ProjectSection(ProjectDependencies) = postProject
		{B09BED3B-BCF3-3B0C-AD8A-C6FEDFD879F3} = {B09BED3B-BCF3-3B0C-AD8A-C6FEDFD879F3}
	EndProjectSection
EndProject
Project("{8BC9CEB8-8B4A-11D0-8D11-00A0C91BC942}") = "freeglut_static", "freeglut_static.vcxproj", "{C65B47C6-0466-3C46-AC35-463D09E5786A}"
	ProjectSection(ProjectDependencies) = postProject
		{B09BED3B-BCF3-3B0C-AD8A-C6FEDFD879F3} = {B09BED3B-BCF3-3B0C-AD8A-C6FEDFD879F3}
	EndProjectSection
EndProject
Global
	GlobalSection(SolutionConfigurationPlatforms) = preSolution
		Debug|x64 = Debug|x64
		Release|x64 = Release|x64
	EndGlobalSection
	GlobalSection(ProjectConfigurationPlatforms) = postSolution
		{40EB13EB-A057-3165-ACE0-759A51558FAC}.Debug|x64.ActiveCfg = Debug|x64
		{40EB13EB-A057-3165-ACE0-759A51558FAC}.Debug|x64.Build.0 = Debug|x64
		{40EB13EB-A057-3165-ACE0-759A51558FAC}.Release|x64.ActiveCfg = Release|x64
		{40EB13EB-A057-3165-ACE0-759A51558FAC}.Release|x64.Build.0 = Release|x64
		{3D9EEB03-3085-3BF8-8238-7C93C18746E8}.Debug|x64.ActiveCfg = Debug|x64
		{3D9EEB03-3085-3BF8-8238-7C93C18746E8}.Release|x64.ActiveCfg = Release|x64
		{B09BED3B-BCF3-3B0C-AD8A-C6FEDFD879F3}.Debug|x64.ActiveCfg = Debug|x64
		{B09BED3B-BCF3-3B0C-AD8A-C6FEDFD879F3}.Debug|x64.Build.0 = Debug|x64
		{B09BED3B-BCF3-3B0C-AD8A-C6FEDFD879F3}.Release|x64.ActiveCfg = Release|x64
		{B09BED3B-BCF3-3B0C-AD8A-C6FEDFD879F3}.Release|x64.Build.0 = Release|x64
		{A1150B67-981A-3D1D-AF52-72AFE5246123}.Debug|x64.ActiveCfg = Debug|x64
		{A1150B67-981A-3D1D-AF52-72AFE5246123}.Debug|x64.Build.0 = Debug|x64
		{A1150B67-981A-3D1D-AF52-72AFE5246123}.Release|x64.ActiveCfg = Release|x64
		{A1150B67-981A-3D1D-AF52-72AFE5246123}.Release|x64.Build.0 = Release|x64
		{C65B47C6-0466-3C46-AC35-463D09E5786A}.Debug|x64.ActiveCfg = Debug|x64
		{C65B47C6-0466-3C46-AC35-463D09E5786A}.Debug|x64.Build.0 = Debug|x64
		{C65B47C6-0466-3C46-AC35-463D09E5786A}.Release|x64.ActiveCfg = Release|x64
		{C65B47C6-0466-3C46-AC35-463D09E5786A}.Release|x64.Build.0 = Release|x64
	EndGlobalSection
	GlobalSection(ExtensibilityGlobals) = postSolution
		SolutionGuid = {0D766C1D-28F4-33A7-AF6E-99C6CC98058C}
	EndGlobalSection
	GlobalSection(ExtensibilityAddIns) = postSolution
	EndGlobalSection
EndGlobal
